
Microsoft Visual Studio Solution File, Format Version 12.00
# Visual Studio Version 17
VisualStudioVersion = 17.10.34928.147
MinimumVisualStudioVersion = 10.0.40219.1
Project("{FAE04EC0-301F-11D3-BF4B-00C04F79EFBC}") = "PlayingWithJson", "PlayingWithJson\PlayingWithJson.csproj", "{2037456B-D379-4B34-8D62-2A48BD6E6D2A}"
EndProject
Global
	GlobalSection(SolutionConfigurationPlatforms) = preSolution
		Debug|Any CPU = Debug|Any CPU
		Release|Any CPU = Release|Any CPU
	EndGlobalSection
	GlobalSection(ProjectConfigurationPlatforms) = postSolution
		{2037456B-D379-4B34-8D62-2A48BD6E6D2A}.Debug|Any CPU.ActiveCfg = Debug|Any CPU
		{2037456B-D379-4B34-8D62-2A48BD6E6D2A}.Debug|Any CPU.Build.0 = Debug|Any CPU
		{2037456B-D379-4B34-8D62-2A48BD6E6D2A}.Release|Any CPU.ActiveCfg = Release|Any CPU
		{2037456B-D379-4B34-8D62-2A48BD6E6D2A}.Release|Any CPU.Build.0 = Release|Any CPU
	EndGlobalSection
	GlobalSection(SolutionProperties) = preSolution
		HideSolutionNode = FALSE
	EndGlobalSection
	GlobalSection(ExtensibilityGlobals) = postSolution
		SolutionGuid = {294F57B6-1BE7-4392-AE90-FD88C9ED6BA5}
	EndGlobalSection
EndGlobal
